version = 1
revision = 3
requires-python = "==3.14.*"

[[package]]
name = "firecrawl-anydoc"
version = "0.2.4"
source = { registry = "https://pypi.org/simple" }
sdist = { url = "https://files.pythonhosted.org/packages/35/54/ee43b1661a954e53eaed85878a7ccc37ed73e02e6577bb26437ec5f9de94/firecrawl_anydoc-0.2.4.tar.gz", hash = "sha256:3e29460272fea81cde08fd5af11f6b0f1ff05919214ddc939867f72362c83032", size = 270706, upload-time = "2026-08-27T19:13:58.156Z" }
wheels = [
    { url = "https://files.pythonhosted.org/packages/25/f1/5616b8d703b2bf5688eda86ede4b35620356d9c60346fe2d3efbec2a872d/firecrawl_anydoc-0.2.4-cp310-abi3-macosx_10_12_x86_64.whl", hash = "sha256:e3745a8b108d6575beafd37bcefe52e3f6c7ab44138e05cbdf4c6adf63caba84", size = 3441281, upload-time = "2026-08-27T19:13:43.408Z" },
    { url = "https://files.pythonhosted.org/packages/59/7d/4b2a466c8953af3b9d94471081b04ce8636680111402d2140105f98c02e5/firecrawl_anydoc-0.2.4-cp310-abi3-macosx_11_0_arm64.whl", hash = "sha256:b2a01eecaa0b99f99ff6749a098f8c7a5250d41db9c53673eb93536ad575bfed", size = 3262365, upload-time = "2026-08-27T19:13:46.362Z" },
    { url = "https://files.pythonhosted.org/packages/77/b5/5784fc514f58ca19328faee701d2cc2e25961389c2d4908b2a51a1071ee4/firecrawl_anydoc-0.2.4-cp310-abi3-manylinux_2_17_aarch64.manylinux2014_aarch64.whl", hash = "sha256:17720ba093820654162891d7995fd2dbae948b16fe1c174ba799bddfc0b92ad6", size = 3265363, upload-time = "2026-08-27T19:13:48.425Z" },
    { url = "https://files.pythonhosted.org/packages/fc/16/feeca9705bfdb237f1cb69ede0b373b144c0d51df4297e595a74b815557e/firecrawl_anydoc-0.2.4-cp310-abi3-manylinux_2_17_x86_64.manylinux2014_x86_64.whl", hash = "sha256:0e5aed01bf6d4e5c588d3363888293f2ceeb9feb00449a32e0ba993797cf0bd3", size = 3506751, upload-time = "2026-08-27T19:13:50.372Z" },
    { url = "https://files.pythonhosted.org/packages/14/28/b4d0d3c5345cdd65c0b9113c6e6ff1b717fe360dccb658db2a9952315f9c/firecrawl_anydoc-0.2.4-cp310-abi3-musllinux_1_2_aarch64.whl", hash = "sha256:dd162b5eb64478fcf02f53abe7765e26f4350ba657f36c25f055c4cc3dbade0a", size = 3443075, upload-time = "2026-08-27T19:13:52.417Z" },
    { url = "https://files.pythonhosted.org/packages/cb/29/50c52b0ea5dd645aea6d195da913c8d9e136601eec465bd9a590edd250c7/firecrawl_anydoc-0.2.4-cp310-abi3-musllinux_1_2_x86_64.whl", hash = "sha256:e57c79093c1592929dd8dfaf6c60b49eefe631721d96fb833c3f465472b37b9f", size = 3742860, upload-time = "2026-08-27T19:13:54.474Z" },
    { url = "https://files.pythonhosted.org/packages/65/34/6d54fed906055e5507dd94efd63f4a05021f103dc684ea62a3b0876b7595/firecrawl_anydoc-0.2.4-cp310-abi3-win_amd64.whl", hash = "sha256:7c9ffc81946e6954c124560ed1d395e0103a1a08fdc0f6be382e2f35daf6dbc9", size = 3583555, upload-time = "2026-08-27T19:13:56.698Z" },
]

[[package]]
name = "markweave-anydoc-feasibility"
version = "0.0.0"
source = { virtual = "." }
dependencies = [
    { name = "firecrawl-anydoc" },
]

[package.metadata]
requires-dist = [{ name = "firecrawl-anydoc", specifier = "==0.2.4" }]
